// !$*UTF8*$!
{
	archiveVersion = 1;
	classes = {
	};
	objectVersion = 46;
	objects = {

/* Begin PBXBuildFile section */
		0207DA581B56EA530066E2B4 /* Images.xcassets in Resources */ = {isa = PBXBuildFile; fileRef = 0207DA571B56EA530066E2B4 /* Images.xcassets */; };
		0962A2735F0F4E84A06C1F9C /* CDVConnection.m in Sources */ = {isa = PBXBuildFile; fileRef = 13A1BD1B848C4869AA96A76D /* CDVConnection.m */; };
		0CCCBAE10CA94B6D8F3369FC /* UIImage+CropScaleOrientation.m in Sources */ = {isa = PBXBuildFile; fileRef = 10718BA7D5244B5CBF788E12 /* UIImage+CropScaleOrientation.m */; };
		1C11D8C80F4944CAAC1FAF66 /* CDVCompass.m in Sources */ = {isa = PBXBuildFile; fileRef = 112EEDAE5D7B499B8DCC385F /* CDVCompass.m */; };
		1D3623260D0F684500981E51 /* AppDelegate.m in Sources */ = {isa = PBXBuildFile; fileRef = 1D3623250D0F684500981E51 /* AppDelegate.m */; };
		1D60589B0D05DD56006BFB54 /* main.m in Sources */ = {isa = PBXBuildFile; fileRef = 29B97316FDCFA39411CA2CEA /* main.m */; };
		1E0F023F643445489DA4319F /* CDVSplashScreen.m in Sources */ = {isa = PBXBuildFile; fileRef = A107E57DEC834B409F5612BC /* CDVSplashScreen.m */; };
		1E5C3375CD4D4D1DBF3A517B /* AudioToolbox.framework in Frameworks */ = {isa = PBXBuildFile; fileRef = 3D0B91A6C73C435DB8746A6A /* AudioToolbox.framework */; settings = {ATTRIBUTES = (Weak, ); }; };
		2D2B43C5716F44BE9DD7D7BA /* CDVLocalFilesystem.m in Sources */ = {isa = PBXBuildFile; fileRef = 7A91AEAE22CA43F7B4419A01 /* CDVLocalFilesystem.m */; };
		301BF552109A68D80062928A /* libCordova.a in Frameworks */ = {isa = PBXBuildFile; fileRef = 301BF535109A57CC0062928A /* libCordova.a */; };
		302D95F114D2391D003F00A1 /* MainViewController.m in Sources */ = {isa = PBXBuildFile; fileRef = 302D95EF14D2391D003F00A1 /* MainViewController.m */; };
		302D95F214D2391D003F00A1 /* MainViewController.xib in Resources */ = {isa = PBXBuildFile; fileRef = 302D95F014D2391D003F00A1 /* MainViewController.xib */; };
		3F72088CABA041CDB897975A /* CDVNotification.bundle in Resources */ = {isa = PBXBuildFile; fileRef = C7FA5ED4BE264279AF8EBAA9 /* CDVNotification.bundle */; };
		477E3C673D48409EB6591F23 /* CDVFileTransfer.m in Sources */ = {isa = PBXBuildFile; fileRef = B86C789741904DF5A9D72775 /* CDVFileTransfer.m */; };
		4F40C92961DF4E819DA8A1B0 /* CDVAssetLibraryFilesystem.m in Sources */ = {isa = PBXBuildFile; fileRef = B3E79E6D8D2C4D14A1C439C4 /* CDVAssetLibraryFilesystem.m */; };
		590E87510E2749388350A502 /* CDVInAppBrowser.m in Sources */ = {isa = PBXBuildFile; fileRef = 4558A16AE4404729A7F68F3F /* CDVInAppBrowser.m */; };
		5C675F5D0E9F4FB9AFC4C8EE /* AddressBook.framework in Frameworks */ = {isa = PBXBuildFile; fileRef = 16148BCB4AB74649844F5DF6 /* AddressBook.framework */; settings = {ATTRIBUTES = (Weak, ); }; };
		5E88FB077ADD487F98843D3F /* CoreMotion.framework in Frameworks */ = {isa = PBXBuildFile; fileRef = 4AE83F60BB5649C1A0299E35 /* CoreMotion.framework */; };
		659EEAF5DF5145BDBDF822E7 /* CDVBattery.m in Sources */ = {isa = PBXBuildFile; fileRef = A5E4E34670714BD883E6B0F7 /* CDVBattery.m */; };
		692AE29C4FA14E66BBF4239E /* CDVGlobalization.m in Sources */ = {isa = PBXBuildFile; fileRef = 012704B125B44A149C3F22E2 /* CDVGlobalization.m */; };
		73CE59D9B5494264BCFB8354 /* CoreTelephony.framework in Frameworks */ = {isa = PBXBuildFile; fileRef = D4837B6C600F43B88670BB54 /* CoreTelephony.framework */; };
		77457EF8E9E44E2DBFE37648 /* SystemConfiguration.framework in Frameworks */ = {isa = PBXBuildFile; fileRef = F166FE87AB3E476189392798 /* SystemConfiguration.framework */; settings = {ATTRIBUTES = (Weak, ); }; };
		8095ECA1EF0C4D20A71BC244 /* CDVLogger.m in Sources */ = {isa = PBXBuildFile; fileRef = B833CF9D71AC46048712C52D /* CDVLogger.m */; };
		8439EE1DFBCE4BD98F6FB5C2 /* CDVLocation.m in Sources */ = {isa = PBXBuildFile; fileRef = 050BF2644F314EE78E069E7B /* CDVLocation.m */; };
		84D340AC84374E4EB1D5768B /* CDVJpegHeaderWriter.m in Sources */ = {isa = PBXBuildFile; fileRef = E6E1D414947442E0B7A41A73 /* CDVJpegHeaderWriter.m */; };
		92838937FA8D49E1932E43CA /* CDVAccelerometer.m in Sources */ = {isa = PBXBuildFile; fileRef = B552AB1F5168434CB7A46462 /* CDVAccelerometer.m */; };
		9A9E7552027F40A6B497693C /* AddressBookUI.framework in Frameworks */ = {isa = PBXBuildFile; fileRef = 29FD5F23A396410997A40C06 /* AddressBookUI.framework */; settings = {ATTRIBUTES = (Weak, ); }; };
		9E088A96755241F38886BA27 /* CDVDevice.m in Sources */ = {isa = PBXBuildFile; fileRef = EA79A0D222484DB483FAFAE9 /* CDVDevice.m */; };
		9E9E862929284EEF90D40960 /* CDVFile.m in Sources */ = {isa = PBXBuildFile; fileRef = E82BF16A7A5341C4A6B422EA /* CDVFile.m */; };
		ABA2C011BC074140B5C02FEB /* CDVCapture.m in Sources */ = {isa = PBXBuildFile; fileRef = A0409BCC6A93491D97B969E4 /* CDVCapture.m */; };
		AEDFDC33D4264F71AB05BDD9 /* CoreLocation.framework in Frameworks */ = {isa = PBXBuildFile; fileRef = 20C07D3917504C7F8E70308B /* CoreLocation.framework */; };
		AF36C6B519144E47B3E65E2B /* CDVCapture.bundle in Resources */ = {isa = PBXBuildFile; fileRef = 124C047143CA47D499A8B10F /* CDVCapture.bundle */; };
		B3EC5EE05F9E49939E8BBB87 /* CDVContacts.m in Sources */ = {isa = PBXBuildFile; fileRef = 18425687E7704F0F8BD14B89 /* CDVContacts.m */; };
		BB5D1BAD2ECC4A51868E1F7C /* CDVNotification.m in Sources */ = {isa = PBXBuildFile; fileRef = 830EACFEEB6A4F4488FE989B /* CDVNotification.m */; };
		BC767A84104246829BDE91C3 /* CDVVibration.m in Sources */ = {isa = PBXBuildFile; fileRef = EE83EE9E71104C6093F7EE9F /* CDVVibration.m */; };
		CE237C77799347F19835ABDE /* CDVReachability.m in Sources */ = {isa = PBXBuildFile; fileRef = C00DA39728004BF4A68039B3 /* CDVReachability.m */; };
		D595541A8AF345D9B75D3716 /* CDVStatusBar.m in Sources */ = {isa = PBXBuildFile; fileRef = 2109729AB8484CD8B9EA9F3C /* CDVStatusBar.m */; };
		D603D11D0B4444C49E5B9713 /* CDVCamera.m in Sources */ = {isa = PBXBuildFile; fileRef = A43B1D8948704298941B043C /* CDVCamera.m */; };
		E6919F09F67A44878AB2BC56 /* CDVContact.m in Sources */ = {isa = PBXBuildFile; fileRef = F7DBF0F9716746FBB3ABE4E8 /* CDVContact.m */; };
		F1DACA65047549E9AA3B9CFE /* AVFoundation.framework in Frameworks */ = {isa = PBXBuildFile; fileRef = F76FFA9F07404D198643A1F3 /* AVFoundation.framework */; };
		F395E8DB657E45E982ACA56C /* ImageIO.framework in Frameworks */ = {isa = PBXBuildFile; fileRef = 42FF2FCC8CD4411FAD0A5A06 /* ImageIO.framework */; settings = {ATTRIBUTES = (Weak, ); }; };
		F864E6A1B9624BB48D7F778C /* CDVSound.m in Sources */ = {isa = PBXBuildFile; fileRef = D4EC864B790D4DD2866304E8 /* CDVSound.m */; };
		FF4554DB53834ADDBB2B9CFF /* CDVViewController+SplashScreen.m in Sources */ = {isa = PBXBuildFile; fileRef = 08EE75210CB344A8BDC26DD9 /* CDVViewController+SplashScreen.m */; };
/* End PBXBuildFile section */

/* Begin PBXContainerItemProxy section */
		301BF534109A57CC0062928A /* PBXContainerItemProxy */ = {
			isa = PBXContainerItemProxy;
			containerPortal = 301BF52D109A57CC0062928A /* CordovaLib.xcodeproj */;
			proxyType = 2;
			remoteGlobalIDString = D2AAC07E0554694100DB518D;
			remoteInfo = CordovaLib;
		};
		301BF550109A68C00062928A /* PBXContainerItemProxy */ = {
			isa = PBXContainerItemProxy;
			containerPortal = 301BF52D109A57CC0062928A /* CordovaLib.xcodeproj */;
			proxyType = 1;
			remoteGlobalIDString = D2AAC07D0554694100DB518D;
			remoteInfo = CordovaLib;
		};
/* End PBXContainerItemProxy section */

/* Begin PBXFileReference section */
		012704B125B44A149C3F22E2 /* CDVGlobalization.m */ = {isa = PBXFileReference; explicitFileType = undefined; fileEncoding = 4; includeInIndex = 0; lastKnownFileType = sourcecode.c.objc; name = CDVGlobalization.m; path = "cordova-plugin-globalization/CDVGlobalization.m"; sourceTree = "<group>"; };
		0207DA571B56EA530066E2B4 /* Images.xcassets */ = {isa = PBXFileReference; lastKnownFileType = folder.assetcatalog; name = Images.xcassets; path = schoolClash/Images.xcassets; sourceTree = SOURCE_ROOT; };
		050BF2644F314EE78E069E7B /* CDVLocation.m */ = {isa = PBXFileReference; explicitFileType = undefined; fileEncoding = 4; includeInIndex = 0; lastKnownFileType = sourcecode.c.objc; name = CDVLocation.m; path = "cordova-plugin-geolocation/CDVLocation.m"; sourceTree = "<group>"; };
		08EE75210CB344A8BDC26DD9 /* CDVViewController+SplashScreen.m */ = {isa = PBXFileReference; explicitFileType = undefined; fileEncoding = 4; includeInIndex = 0; lastKnownFileType = sourcecode.c.objc; name = "CDVViewController+SplashScreen.m"; path = "cordova-plugin-splashscreen/CDVViewController+SplashScreen.m"; sourceTree = "<group>"; };
		10718BA7D5244B5CBF788E12 /* UIImage+CropScaleOrientation.m */ = {isa = PBXFileReference; explicitFileType = undefined; fileEncoding = 4; includeInIndex = 0; lastKnownFileType = sourcecode.c.objc; name = "UIImage+CropScaleOrientation.m"; path = "cordova-plugin-camera/UIImage+CropScaleOrientation.m"; sourceTree = "<group>"; };
		112EEDAE5D7B499B8DCC385F /* CDVCompass.m */ = {isa = PBXFileReference; explicitFileType = undefined; fileEncoding = 4; includeInIndex = 0; lastKnownFileType = sourcecode.c.objc; name = CDVCompass.m; path = "cordova-plugin-device-orientation/CDVCompass.m"; sourceTree = "<group>"; };
		124C047143CA47D499A8B10F /* CDVCapture.bundle */ = {isa = PBXFileReference; explicitFileType = undefined; fileEncoding = 9; includeInIndex = 0; lastKnownFileType = "wrapper.plug-in"; path = CDVCapture.bundle; sourceTree = "<group>"; };
		13A1BD1B848C4869AA96A76D /* CDVConnection.m */ = {isa = PBXFileReference; explicitFileType = undefined; fileEncoding = 4; includeInIndex = 0; lastKnownFileType = sourcecode.c.objc; name = CDVConnection.m; path = "cordova-plugin-network-information/CDVConnection.m"; sourceTree = "<group>"; };
		16148BCB4AB74649844F5DF6 /* AddressBook.framework */ = {isa = PBXFileReference; explicitFileType = undefined; fileEncoding = 9; includeInIndex = 0; lastKnownFileType = wrapper.framework; name = AddressBook.framework; path = System/Library/Frameworks/AddressBook.framework; sourceTree = SDKROOT; };
		18425687E7704F0F8BD14B89 /* CDVContacts.m */ = {isa = PBXFileReference; explicitFileType = undefined; fileEncoding = 4; includeInIndex = 0; lastKnownFileType = sourcecode.c.objc; name = CDVContacts.m; path = "cordova-plugin-contacts/CDVContacts.m"; sourceTree = "<group>"; };
		1D3623240D0F684500981E51 /* AppDelegate.h */ = {isa = PBXFileReference; fileEncoding = 4; lastKnownFileType = sourcecode.c.h; path = AppDelegate.h; sourceTree = "<group>"; };
		1D3623250D0F684500981E51 /* AppDelegate.m */ = {isa = PBXFileReference; fileEncoding = 4; lastKnownFileType = sourcecode.c.objc; path = AppDelegate.m; sourceTree = "<group>"; };
		1D6058910D05DD3D006BFB54 /* schoolClash.app */ = {isa = PBXFileReference; explicitFileType = wrapper.application; includeInIndex = 0; path = schoolClash.app; sourceTree = BUILT_PRODUCTS_DIR; };
		1FA9BF2586BB44A2A86B3AE7 /* CDVLocation.h */ = {isa = PBXFileReference; explicitFileType = undefined; fileEncoding = 4; includeInIndex = 0; lastKnownFileType = sourcecode.c.h; name = CDVLocation.h; path = "cordova-plugin-geolocation/CDVLocation.h"; sourceTree = "<group>"; };
		20C07D3917504C7F8E70308B /* CoreLocation.framework */ = {isa = PBXFileReference; explicitFileType = undefined; fileEncoding = 9; includeInIndex = 0; lastKnownFileType = wrapper.framework; name = CoreLocation.framework; path = System/Library/Frameworks/CoreLocation.framework; sourceTree = SDKROOT; };
		2109729AB8484CD8B9EA9F3C /* CDVStatusBar.m */ = {isa = PBXFileReference; explicitFileType = undefined; fileEncoding = 4; includeInIndex = 0; lastKnownFileType = sourcecode.c.objc; name = CDVStatusBar.m; path = "cordova-plugin-statusbar/CDVStatusBar.m"; sourceTree = "<group>"; };
		23CBD53C51994C9AB861DE22 /* CDVJpegHeaderWriter.h */ = {isa = PBXFileReference; explicitFileType = undefined; fileEncoding = 4; includeInIndex = 0; lastKnownFileType = sourcecode.c.h; name = CDVJpegHeaderWriter.h; path = "cordova-plugin-camera/CDVJpegHeaderWriter.h"; sourceTree = "<group>"; };
		29B97316FDCFA39411CA2CEA /* main.m */ = {isa = PBXFileReference; fileEncoding = 4; lastKnownFileType = sourcecode.c.objc; path = main.m; sourceTree = "<group>"; };
		29FD5F23A396410997A40C06 /* AddressBookUI.framework */ = {isa = PBXFileReference; explicitFileType = undefined; fileEncoding = 9; includeInIndex = 0; lastKnownFileType = wrapper.framework; name = AddressBookUI.framework; path = System/Library/Frameworks/AddressBookUI.framework; sourceTree = SDKROOT; };
		301BF52D109A57CC0062928A /* CordovaLib.xcodeproj */ = {isa = PBXFileReference; lastKnownFileType = "wrapper.pb-project"; name = CordovaLib.xcodeproj; path = CordovaLib/CordovaLib.xcodeproj; sourceTree = "<group>"; };
		301BF56E109A69640062928A /* www */ = {isa = PBXFileReference; lastKnownFileType = folder; path = www; sourceTree = SOURCE_ROOT; };
		302D95EE14D2391D003F00A1 /* MainViewController.h */ = {isa = PBXFileReference; fileEncoding = 4; lastKnownFileType = sourcecode.c.h; path = MainViewController.h; sourceTree = "<group>"; };
		302D95EF14D2391D003F00A1 /* MainViewController.m */ = {isa = PBXFileReference; fileEncoding = 4; lastKnownFileType = sourcecode.c.objc; path = MainViewController.m; sourceTree = "<group>"; };
		302D95F014D2391D003F00A1 /* MainViewController.xib */ = {isa = PBXFileReference; fileEncoding = 4; lastKnownFileType = file.xib; path = MainViewController.xib; sourceTree = "<group>"; };
		3047A50F1AB8059700498E2A /* build-debug.xcconfig */ = {isa = PBXFileReference; fileEncoding = 4; lastKnownFileType = text.xcconfig; name = "build-debug.xcconfig"; path = "cordova/build-debug.xcconfig"; sourceTree = SOURCE_ROOT; };
		3047A5101AB8059700498E2A /* build-release.xcconfig */ = {isa = PBXFileReference; fileEncoding = 4; lastKnownFileType = text.xcconfig; name = "build-release.xcconfig"; path = "cordova/build-release.xcconfig"; sourceTree = SOURCE_ROOT; };
		3047A5111AB8059700498E2A /* build.xcconfig */ = {isa = PBXFileReference; fileEncoding = 4; lastKnownFileType = text.xcconfig; name = build.xcconfig; path = cordova/build.xcconfig; sourceTree = SOURCE_ROOT; };
		32CA4F630368D1EE00C91783 /* schoolClash-Prefix.pch */ = {isa = PBXFileReference; fileEncoding = 4; lastKnownFileType = sourcecode.c.h; path = "schoolClash-Prefix.pch"; sourceTree = "<group>"; };
		39FFEFAE4AB6473A8EAD806F /* CDVReachability.h */ = {isa = PBXFileReference; explicitFileType = undefined; fileEncoding = 4; includeInIndex = 0; lastKnownFileType = sourcecode.c.h; name = CDVReachability.h; path = "cordova-plugin-network-information/CDVReachability.h"; sourceTree = "<group>"; };
		3D0B91A6C73C435DB8746A6A /* AudioToolbox.framework */ = {isa = PBXFileReference; explicitFileType = undefined; fileEncoding = 9; includeInIndex = 0; lastKnownFileType = wrapper.framework; name = AudioToolbox.framework; path = System/Library/Frameworks/AudioToolbox.framework; sourceTree = SDKROOT; };
		417E23548DDB4ABD975B4DE9 /* CDVContacts.h */ = {isa = PBXFileReference; explicitFileType = undefined; fileEncoding = 4; includeInIndex = 0; lastKnownFileType = sourcecode.c.h; name = CDVContacts.h; path = "cordova-plugin-contacts/CDVContacts.h"; sourceTree = "<group>"; };
		42FF2FCC8CD4411FAD0A5A06 /* ImageIO.framework */ = {isa = PBXFileReference; explicitFileType = undefined; fileEncoding = 9; includeInIndex = 0; lastKnownFileType = wrapper.framework; name = ImageIO.framework; path = System/Library/Frameworks/ImageIO.framework; sourceTree = SDKROOT; };
		4558A16AE4404729A7F68F3F /* CDVInAppBrowser.m */ = {isa = PBXFileReference; explicitFileType = undefined; fileEncoding = 4; includeInIndex = 0; lastKnownFileType = sourcecode.c.objc; name = CDVInAppBrowser.m; path = "cordova-plugin-inappbrowser/CDVInAppBrowser.m"; sourceTree = "<group>"; };
		4AE4E730AF1E4A7FBB78790D /* CDVConnection.h */ = {isa = PBXFileReference; explicitFileType = undefined; fileEncoding = 4; includeInIndex = 0; lastKnownFileType = sourcecode.c.h; name = CDVConnection.h; path = "cordova-plugin-network-information/CDVConnection.h"; sourceTree = "<group>"; };
		4AE83F60BB5649C1A0299E35 /* CoreMotion.framework */ = {isa = PBXFileReference; explicitFileType = undefined; fileEncoding = 9; includeInIndex = 0; lastKnownFileType = wrapper.framework; name = CoreMotion.framework; path = System/Library/Frameworks/CoreMotion.framework; sourceTree = SDKROOT; };
		4E958E465A6B40C98F4ACC6E /* CDVCompass.h */ = {isa = PBXFileReference; explicitFileType = undefined; fileEncoding = 4; includeInIndex = 0; lastKnownFileType = sourcecode.c.h; name = CDVCompass.h; path = "cordova-plugin-device-orientation/CDVCompass.h"; sourceTree = "<group>"; };
		4FE53CEB29B544F8801839B2 /* CDVInAppBrowser.h */ = {isa = PBXFileReference; explicitFileType = undefined; fileEncoding = 4; includeInIndex = 0; lastKnownFileType = sourcecode.c.h; name = CDVInAppBrowser.h; path = "cordova-plugin-inappbrowser/CDVInAppBrowser.h"; sourceTree = "<group>"; };
		5518195367D44AF98928C148 /* CDVSound.h */ = {isa = PBXFileReference; explicitFileType = undefined; fileEncoding = 4; includeInIndex = 0; lastKnownFileType = sourcecode.c.h; name = CDVSound.h; path = "cordova-plugin-media/CDVSound.h"; sourceTree = "<group>"; };
		63ED5491EB924A828A5CC1C4 /* CDVFile.h */ = {isa = PBXFileReference; explicitFileType = undefined; fileEncoding = 4; includeInIndex = 0; lastKnownFileType = sourcecode.c.h; name = CDVFile.h; path = "cordova-plugin-file/CDVFile.h"; sourceTree = "<group>"; };
		6493E3615BE14DD69B64C571 /* CDVViewController+SplashScreen.h */ = {isa = PBXFileReference; explicitFileType = undefined; fileEncoding = 4; includeInIndex = 0; lastKnownFileType = sourcecode.c.h; name = "CDVViewController+SplashScreen.h"; path = "cordova-plugin-splashscreen/CDVViewController+SplashScreen.h"; sourceTree = "<group>"; };
		73569ADFC4354C3CB0F17A8B /* CDVFileTransfer.h */ = {isa = PBXFileReference; explicitFileType = undefined; fileEncoding = 4; includeInIndex = 0; lastKnownFileType = sourcecode.c.h; name = CDVFileTransfer.h; path = "cordova-plugin-file-transfer/CDVFileTransfer.h"; sourceTree = "<group>"; };
		7A91AEAE22CA43F7B4419A01 /* CDVLocalFilesystem.m */ = {isa = PBXFileReference; explicitFileType = undefined; fileEncoding = 4; includeInIndex = 0; lastKnownFileType = sourcecode.c.objc; name = CDVLocalFilesystem.m; path = "cordova-plugin-file/CDVLocalFilesystem.m"; sourceTree = "<group>"; };
		830EACFEEB6A4F4488FE989B /* CDVNotification.m */ = {isa = PBXFileReference; explicitFileType = undefined; fileEncoding = 4; includeInIndex = 0; lastKnownFileType = sourcecode.c.objc; name = CDVNotification.m; path = "cordova-plugin-dialogs/CDVNotification.m"; sourceTree = "<group>"; };
		8C42A31D33E746D0AFF4C333 /* CDVDevice.h */ = {isa = PBXFileReference; explicitFileType = undefined; fileEncoding = 4; includeInIndex = 0; lastKnownFileType = sourcecode.c.h; name = CDVDevice.h; path = "cordova-plugin-device/CDVDevice.h"; sourceTree = "<group>"; };
		8D1107310486CEB800E47090 /* schoolClash-Info.plist */ = {isa = PBXFileReference; fileEncoding = 4; lastKnownFileType = text.plist.xml; name = "schoolClash-Info.plist"; path = "schoolClash/schoolClash-Info.plist"; plistStructureDefinitionIdentifier = "com.apple.xcode.plist.structure-definition.iphone.info-plist"; sourceTree = SOURCE_ROOT; };
		A0409BCC6A93491D97B969E4 /* CDVCapture.m */ = {isa = PBXFileReference; explicitFileType = undefined; fileEncoding = 4; includeInIndex = 0; lastKnownFileType = sourcecode.c.objc; name = CDVCapture.m; path = "cordova-plugin-media-capture/CDVCapture.m"; sourceTree = "<group>"; };
		A107E57DEC834B409F5612BC /* CDVSplashScreen.m */ = {isa = PBXFileReference; explicitFileType = undefined; fileEncoding = 4; includeInIndex = 0; lastKnownFileType = sourcecode.c.objc; name = CDVSplashScreen.m; path = "cordova-plugin-splashscreen/CDVSplashScreen.m"; sourceTree = "<group>"; };
		A43B1D8948704298941B043C /* CDVCamera.m */ = {isa = PBXFileReference; explicitFileType = undefined; fileEncoding = 4; includeInIndex = 0; lastKnownFileType = sourcecode.c.objc; name = CDVCamera.m; path = "cordova-plugin-camera/CDVCamera.m"; sourceTree = "<group>"; };
		A5E4E34670714BD883E6B0F7 /* CDVBattery.m */ = {isa = PBXFileReference; explicitFileType = undefined; fileEncoding = 4; includeInIndex = 0; lastKnownFileType = sourcecode.c.objc; name = CDVBattery.m; path = "cordova-plugin-battery-status/CDVBattery.m"; sourceTree = "<group>"; };
		ADF5E409EB2242E6BBDAD76D /* CDVGlobalization.h */ = {isa = PBXFileReference; explicitFileType = undefined; fileEncoding = 4; includeInIndex = 0; lastKnownFileType = sourcecode.c.h; name = CDVGlobalization.h; path = "cordova-plugin-globalization/CDVGlobalization.h"; sourceTree = "<group>"; };
		AF67591B48AC419A8E61128E /* CDVExif.h */ = {isa = PBXFileReference; explicitFileType = undefined; fileEncoding = 4; includeInIndex = 0; lastKnownFileType = sourcecode.c.h; name = CDVExif.h; path = "cordova-plugin-camera/CDVExif.h"; sourceTree = "<group>"; };
		B256DCA2699F48F6844FADCE /* CDVCamera.h */ = {isa = PBXFileReference; explicitFileType = undefined; fileEncoding = 4; includeInIndex = 0; lastKnownFileType = sourcecode.c.h; name = CDVCamera.h; path = "cordova-plugin-camera/CDVCamera.h"; sourceTree = "<group>"; };
		B3E79E6D8D2C4D14A1C439C4 /* CDVAssetLibraryFilesystem.m */ = {isa = PBXFileReference; explicitFileType = undefined; fileEncoding = 4; includeInIndex = 0; lastKnownFileType = sourcecode.c.objc; name = CDVAssetLibraryFilesystem.m; path = "cordova-plugin-file/CDVAssetLibraryFilesystem.m"; sourceTree = "<group>"; };
		B552AB1F5168434CB7A46462 /* CDVAccelerometer.m */ = {isa = PBXFileReference; explicitFileType = undefined; fileEncoding = 4; includeInIndex = 0; lastKnownFileType = sourcecode.c.objc; name = CDVAccelerometer.m; path = "cordova-plugin-device-motion/CDVAccelerometer.m"; sourceTree = "<group>"; };
		B6CB82E53C674C63A28C5B94 /* CDVContact.h */ = {isa = PBXFileReference; explicitFileType = undefined; fileEncoding = 4; includeInIndex = 0; lastKnownFileType = sourcecode.c.h; name = CDVContact.h; path = "cordova-plugin-contacts/CDVContact.h"; sourceTree = "<group>"; };
		B6E995899A8545DC8C61989A /* CDVAssetLibraryFilesystem.h */ = {isa = PBXFileReference; explicitFileType = undefined; fileEncoding = 4; includeInIndex = 0; lastKnownFileType = sourcecode.c.h; name = CDVAssetLibraryFilesystem.h; path = "cordova-plugin-file/CDVAssetLibraryFilesystem.h"; sourceTree = "<group>"; };
		B833CF9D71AC46048712C52D /* CDVLogger.m */ = {isa = PBXFileReference; explicitFileType = undefined; fileEncoding = 4; includeInIndex = 0; lastKnownFileType = sourcecode.c.objc; name = CDVLogger.m; path = "cordova-plugin-console/CDVLogger.m"; sourceTree = "<group>"; };
		B86C789741904DF5A9D72775 /* CDVFileTransfer.m */ = {isa = PBXFileReference; explicitFileType = undefined; fileEncoding = 4; includeInIndex = 0; lastKnownFileType = sourcecode.c.objc; name = CDVFileTransfer.m; path = "cordova-plugin-file-transfer/CDVFileTransfer.m"; sourceTree = "<group>"; };
		BA2C7CFFF91242A6A7F2A2B1 /* CDVSplashScreen.h */ = {isa = PBXFileReference; explicitFileType = undefined; fileEncoding = 4; includeInIndex = 0; lastKnownFileType = sourcecode.c.h; name = CDVSplashScreen.h; path = "cordova-plugin-splashscreen/CDVSplashScreen.h"; sourceTree = "<group>"; };
		BFCA59AA13E547D9B8D655B4 /* CDVLogger.h */ = {isa = PBXFileReference; explicitFileType = undefined; fileEncoding = 4; includeInIndex = 0; lastKnownFileType = sourcecode.c.h; name = CDVLogger.h; path = "cordova-plugin-console/CDVLogger.h"; sourceTree = "<group>"; };
		C00DA39728004BF4A68039B3 /* CDVReachability.m */ = {isa = PBXFileReference; explicitFileType = undefined; fileEncoding = 4; includeInIndex = 0; lastKnownFileType = sourcecode.c.objc; name = CDVReachability.m; path = "cordova-plugin-network-information/CDVReachability.m"; sourceTree = "<group>"; };
		C1D328489BE54608BBCC3C7E /* CDVNotification.h */ = {isa = PBXFileReference; explicitFileType = undefined; fileEncoding = 4; includeInIndex = 0; lastKnownFileType = sourcecode.c.h; name = CDVNotification.h; path = "cordova-plugin-dialogs/CDVNotification.h"; sourceTree = "<group>"; };
		C7FA5ED4BE264279AF8EBAA9 /* CDVNotification.bundle */ = {isa = PBXFileReference; explicitFileType = undefined; fileEncoding = 9; includeInIndex = 0; lastKnownFileType = "wrapper.plug-in"; path = CDVNotification.bundle; sourceTree = "<group>"; };
		CB4B2B05FEA34FCA91A10385 /* CDVBattery.h */ = {isa = PBXFileReference; explicitFileType = undefined; fileEncoding = 4; includeInIndex = 0; lastKnownFileType = sourcecode.c.h; name = CDVBattery.h; path = "cordova-plugin-battery-status/CDVBattery.h"; sourceTree = "<group>"; };
		D2368DED7DC543D783B5FC05 /* CDVAccelerometer.h */ = {isa = PBXFileReference; explicitFileType = undefined; fileEncoding = 4; includeInIndex = 0; lastKnownFileType = sourcecode.c.h; name = CDVAccelerometer.h; path = "cordova-plugin-device-motion/CDVAccelerometer.h"; sourceTree = "<group>"; };
		D298272B7C614388B0667BCD /* CDVCapture.h */ = {isa = PBXFileReference; explicitFileType = undefined; fileEncoding = 4; includeInIndex = 0; lastKnownFileType = sourcecode.c.h; name = CDVCapture.h; path = "cordova-plugin-media-capture/CDVCapture.h"; sourceTree = "<group>"; };
		D2A859D0225743188553D00D /* UIImage+CropScaleOrientation.h */ = {isa = PBXFileReference; explicitFileType = undefined; fileEncoding = 4; includeInIndex = 0; lastKnownFileType = sourcecode.c.h; name = "UIImage+CropScaleOrientation.h"; path = "cordova-plugin-camera/UIImage+CropScaleOrientation.h"; sourceTree = "<group>"; };
		D4837B6C600F43B88670BB54 /* CoreTelephony.framework */ = {isa = PBXFileReference; explicitFileType = undefined; fileEncoding = 9; includeInIndex = 0; lastKnownFileType = wrapper.framework; name = CoreTelephony.framework; path = System/Library/Frameworks/CoreTelephony.framework; sourceTree = SDKROOT; };
		D4EC864B790D4DD2866304E8 /* CDVSound.m */ = {isa = PBXFileReference; explicitFileType = undefined; fileEncoding = 4; includeInIndex = 0; lastKnownFileType = sourcecode.c.objc; name = CDVSound.m; path = "cordova-plugin-media/CDVSound.m"; sourceTree = "<group>"; };
		E6E1D414947442E0B7A41A73 /* CDVJpegHeaderWriter.m */ = {isa = PBXFileReference; explicitFileType = undefined; fileEncoding = 4; includeInIndex = 0; lastKnownFileType = sourcecode.c.objc; name = CDVJpegHeaderWriter.m; path = "cordova-plugin-camera/CDVJpegHeaderWriter.m"; sourceTree = "<group>"; };
		E7D3F350F50D4B02BA606C73 /* CDVStatusBar.h */ = {isa = PBXFileReference; explicitFileType = undefined; fileEncoding = 4; includeInIndex = 0; lastKnownFileType = sourcecode.c.h; name = CDVStatusBar.h; path = "cordova-plugin-statusbar/CDVStatusBar.h"; sourceTree = "<group>"; };
		E82BF16A7A5341C4A6B422EA /* CDVFile.m */ = {isa = PBXFileReference; explicitFileType = undefined; fileEncoding = 4; includeInIndex = 0; lastKnownFileType = sourcecode.c.objc; name = CDVFile.m; path = "cordova-plugin-file/CDVFile.m"; sourceTree = "<group>"; };
		EA79A0D222484DB483FAFAE9 /* CDVDevice.m */ = {isa = PBXFileReference; explicitFileType = undefined; fileEncoding = 4; includeInIndex = 0; lastKnownFileType = sourcecode.c.objc; name = CDVDevice.m; path = "cordova-plugin-device/CDVDevice.m"; sourceTree = "<group>"; };
		EB87FDF31871DA8E0020F90C /* www */ = {isa = PBXFileReference; lastKnownFileType = folder; name = www; path = ../../www; sourceTree = "<group>"; };
		EB87FDF41871DAF40020F90C /* config.xml */ = {isa = PBXFileReference; lastKnownFileType = text.xml; name = config.xml; path = ../../config.xml; sourceTree = "<group>"; };
		ECE8BEFC7939447A8512BFC8 /* CDVVibration.h */ = {isa = PBXFileReference; explicitFileType = undefined; fileEncoding = 4; includeInIndex = 0; lastKnownFileType = sourcecode.c.h; name = CDVVibration.h; path = "cordova-plugin-vibration/CDVVibration.h"; sourceTree = "<group>"; };
		ED33DF2A687741AEAF9F8254 /* Bridging-Header.h */ = {isa = PBXFileReference; fileEncoding = 4; lastKnownFileType = sourcecode.c.h; path = "Bridging-Header.h"; sourceTree = "<group>"; };
		EE83EE9E71104C6093F7EE9F /* CDVVibration.m */ = {isa = PBXFileReference; explicitFileType = undefined; fileEncoding = 4; includeInIndex = 0; lastKnownFileType = sourcecode.c.objc; name = CDVVibration.m; path = "cordova-plugin-vibration/CDVVibration.m"; sourceTree = "<group>"; };
		F166FE87AB3E476189392798 /* SystemConfiguration.framework */ = {isa = PBXFileReference; explicitFileType = undefined; fileEncoding = 9; includeInIndex = 0; lastKnownFileType = wrapper.framework; name = SystemConfiguration.framework; path = System/Library/Frameworks/SystemConfiguration.framework; sourceTree = SDKROOT; };
		F76FFA9F07404D198643A1F3 /* AVFoundation.framework */ = {isa = PBXFileReference; explicitFileType = undefined; fileEncoding = 9; includeInIndex = 0; lastKnownFileType = wrapper.framework; name = AVFoundation.framework; path = System/Library/Frameworks/AVFoundation.framework; sourceTree = SDKROOT; };
		F7DBF0F9716746FBB3ABE4E8 /* CDVContact.m */ = {isa = PBXFileReference; explicitFileType = undefined; fileEncoding = 4; includeInIndex = 0; lastKnownFileType = sourcecode.c.objc; name = CDVContact.m; path = "cordova-plugin-contacts/CDVContact.m"; sourceTree = "<group>"; };
		F840E1F0165FE0F500CFE078 /* config.xml */ = {isa = PBXFileReference; lastKnownFileType = text.xml; name = config.xml; path = schoolClash/config.xml; sourceTree = "<group>"; };
		FC29EBF761E5427C8B2C9923 /* CDVLocalFilesystem.h */ = {isa = PBXFileReference; explicitFileType = undefined; fileEncoding = 4; includeInIndex = 0; lastKnownFileType = sourcecode.c.h; name = CDVLocalFilesystem.h; path = "cordova-plugin-file/CDVLocalFilesystem.h"; sourceTree = "<group>"; };
/* End PBXFileReference section */

/* Begin PBXFrameworksBuildPhase section */
		1D60588F0D05DD3D006BFB54 /* Frameworks */ = {
			isa = PBXFrameworksBuildPhase;
			buildActionMask = 2147483647;
			files = (
				301BF552109A68D80062928A /* libCordova.a in Frameworks */,
				F395E8DB657E45E982ACA56C /* ImageIO.framework in Frameworks */,
				AEDFDC33D4264F71AB05BDD9 /* CoreLocation.framework in Frameworks */,
				F1DACA65047549E9AA3B9CFE /* AVFoundation.framework in Frameworks */,
				5C675F5D0E9F4FB9AFC4C8EE /* AddressBook.framework in Frameworks */,
				9A9E7552027F40A6B497693C /* AddressBookUI.framework in Frameworks */,
				5E88FB077ADD487F98843D3F /* CoreMotion.framework in Frameworks */,
				1E5C3375CD4D4D1DBF3A517B /* AudioToolbox.framework in Frameworks */,
				77457EF8E9E44E2DBFE37648 /* SystemConfiguration.framework in Frameworks */,
				73CE59D9B5494264BCFB8354 /* CoreTelephony.framework in Frameworks */,
			);
			runOnlyForDeploymentPostprocessing = 0;
		};
/* End PBXFrameworksBuildPhase section */

/* Begin PBXGroup section */
		080E96DDFE201D6D7F000001 /* Classes */ = {
			isa = PBXGroup;
			children = (
				302D95EE14D2391D003F00A1 /* MainViewController.h */,
				302D95EF14D2391D003F00A1 /* MainViewController.m */,
				302D95F014D2391D003F00A1 /* MainViewController.xib */,
				1D3623240D0F684500981E51 /* AppDelegate.h */,
				1D3623250D0F684500981E51 /* AppDelegate.m */,
			);
			name = Classes;
			path = schoolClash/Classes;
			sourceTree = SOURCE_ROOT;
		};
		19C28FACFE9D520D11CA2CBB /* Products */ = {
			isa = PBXGroup;
			children = (
				1D6058910D05DD3D006BFB54 /* schoolClash.app */,
			);
			name = Products;
			sourceTree = "<group>";
		};
		29B97314FDCFA39411CA2CEA /* CustomTemplate */ = {
			isa = PBXGroup;
			children = (
				EB87FDF41871DAF40020F90C /* config.xml */,
				EB87FDF31871DA8E0020F90C /* www */,
				EB87FDF11871DA420020F90C /* Staging */,
				301BF52D109A57CC0062928A /* CordovaLib.xcodeproj */,
				080E96DDFE201D6D7F000001 /* Classes */,
				307C750510C5A3420062BCA9 /* Plugins */,
				29B97315FDCFA39411CA2CEA /* Other Sources */,
				29B97317FDCFA39411CA2CEA /* Resources */,
				29B97323FDCFA39411CA2CEA /* Frameworks */,
				19C28FACFE9D520D11CA2CBB /* Products */,
			);
			name = CustomTemplate;
			sourceTree = "<group>";
		};
		29B97315FDCFA39411CA2CEA /* Other Sources */ = {
			isa = PBXGroup;
			children = (
				32CA4F630368D1EE00C91783 /* schoolClash-Prefix.pch */,
				29B97316FDCFA39411CA2CEA /* main.m */,
				ED33DF2A687741AEAF9F8254 /* Bridging-Header.h */,
			);
			name = "Other Sources";
			path = schoolClash;
			sourceTree = "<group>";
		};
		29B97317FDCFA39411CA2CEA /* Resources */ = {
			isa = PBXGroup;
			children = (
				0207DA571B56EA530066E2B4 /* Images.xcassets */,
				3047A50E1AB8057F00498E2A /* config */,
				8D1107310486CEB800E47090 /* schoolClash-Info.plist */,
				C7FA5ED4BE264279AF8EBAA9 /* CDVNotification.bundle */,
				124C047143CA47D499A8B10F /* CDVCapture.bundle */,
			);
			name = Resources;
			path = schoolClash/Resources;
			sourceTree = "<group>";
		};
		29B97323FDCFA39411CA2CEA /* Frameworks */ = {
			isa = PBXGroup;
			children = (
				42FF2FCC8CD4411FAD0A5A06 /* ImageIO.framework */,
				20C07D3917504C7F8E70308B /* CoreLocation.framework */,
				F76FFA9F07404D198643A1F3 /* AVFoundation.framework */,
				16148BCB4AB74649844F5DF6 /* AddressBook.framework */,
				29FD5F23A396410997A40C06 /* AddressBookUI.framework */,
				4AE83F60BB5649C1A0299E35 /* CoreMotion.framework */,
				3D0B91A6C73C435DB8746A6A /* AudioToolbox.framework */,
				F166FE87AB3E476189392798 /* SystemConfiguration.framework */,
				D4837B6C600F43B88670BB54 /* CoreTelephony.framework */,
			);
			name = Frameworks;
			sourceTree = "<group>";
		};
		301BF52E109A57CC0062928A /* Products */ = {
			isa = PBXGroup;
			children = (
				301BF535109A57CC0062928A /* libCordova.a */,
			);
			name = Products;
			sourceTree = "<group>";
		};
		3047A50E1AB8057F00498E2A /* config */ = {
			isa = PBXGroup;
			children = (
				3047A50F1AB8059700498E2A /* build-debug.xcconfig */,
				3047A5101AB8059700498E2A /* build-release.xcconfig */,
				3047A5111AB8059700498E2A /* build.xcconfig */,
			);
			name = config;
			sourceTree = "<group>";
		};
		307C750510C5A3420062BCA9 /* Plugins */ = {
			isa = PBXGroup;
			children = (
				A5E4E34670714BD883E6B0F7 /* CDVBattery.m */,
				CB4B2B05FEA34FCA91A10385 /* CDVBattery.h */,
				10718BA7D5244B5CBF788E12 /* UIImage+CropScaleOrientation.m */,
				A43B1D8948704298941B043C /* CDVCamera.m */,
				E6E1D414947442E0B7A41A73 /* CDVJpegHeaderWriter.m */,
				D2A859D0225743188553D00D /* UIImage+CropScaleOrientation.h */,
				B256DCA2699F48F6844FADCE /* CDVCamera.h */,
				23CBD53C51994C9AB861DE22 /* CDVJpegHeaderWriter.h */,
				AF67591B48AC419A8E61128E /* CDVExif.h */,
				B833CF9D71AC46048712C52D /* CDVLogger.m */,
				BFCA59AA13E547D9B8D655B4 /* CDVLogger.h */,
				18425687E7704F0F8BD14B89 /* CDVContacts.m */,
				F7DBF0F9716746FBB3ABE4E8 /* CDVContact.m */,
				417E23548DDB4ABD975B4DE9 /* CDVContacts.h */,
				B6CB82E53C674C63A28C5B94 /* CDVContact.h */,
				EA79A0D222484DB483FAFAE9 /* CDVDevice.m */,
				8C42A31D33E746D0AFF4C333 /* CDVDevice.h */,
				B552AB1F5168434CB7A46462 /* CDVAccelerometer.m */,
				D2368DED7DC543D783B5FC05 /* CDVAccelerometer.h */,
				112EEDAE5D7B499B8DCC385F /* CDVCompass.m */,
				4E958E465A6B40C98F4ACC6E /* CDVCompass.h */,
				830EACFEEB6A4F4488FE989B /* CDVNotification.m */,
				C1D328489BE54608BBCC3C7E /* CDVNotification.h */,
				B86C789741904DF5A9D72775 /* CDVFileTransfer.m */,
				73569ADFC4354C3CB0F17A8B /* CDVFileTransfer.h */,
				050BF2644F314EE78E069E7B /* CDVLocation.m */,
				1FA9BF2586BB44A2A86B3AE7 /* CDVLocation.h */,
				012704B125B44A149C3F22E2 /* CDVGlobalization.m */,
				ADF5E409EB2242E6BBDAD76D /* CDVGlobalization.h */,
				4558A16AE4404729A7F68F3F /* CDVInAppBrowser.m */,
				4FE53CEB29B544F8801839B2 /* CDVInAppBrowser.h */,
				D4EC864B790D4DD2866304E8 /* CDVSound.m */,
				5518195367D44AF98928C148 /* CDVSound.h */,
				A0409BCC6A93491D97B969E4 /* CDVCapture.m */,
				D298272B7C614388B0667BCD /* CDVCapture.h */,
				13A1BD1B848C4869AA96A76D /* CDVConnection.m */,
				C00DA39728004BF4A68039B3 /* CDVReachability.m */,
				4AE4E730AF1E4A7FBB78790D /* CDVConnection.h */,
				39FFEFAE4AB6473A8EAD806F /* CDVReachability.h */,
				A107E57DEC834B409F5612BC /* CDVSplashScreen.m */,
				08EE75210CB344A8BDC26DD9 /* CDVViewController+SplashScreen.m */,
				BA2C7CFFF91242A6A7F2A2B1 /* CDVSplashScreen.h */,
				6493E3615BE14DD69B64C571 /* CDVViewController+SplashScreen.h */,
				2109729AB8484CD8B9EA9F3C /* CDVStatusBar.m */,
				E7D3F350F50D4B02BA606C73 /* CDVStatusBar.h */,
				EE83EE9E71104C6093F7EE9F /* CDVVibration.m */,
				ECE8BEFC7939447A8512BFC8 /* CDVVibration.h */,
				E82BF16A7A5341C4A6B422EA /* CDVFile.m */,
				7A91AEAE22CA43F7B4419A01 /* CDVLocalFilesystem.m */,
				B3E79E6D8D2C4D14A1C439C4 /* CDVAssetLibraryFilesystem.m */,
				63ED5491EB924A828A5CC1C4 /* CDVFile.h */,
				FC29EBF761E5427C8B2C9923 /* CDVLocalFilesystem.h */,
				B6E995899A8545DC8C61989A /* CDVAssetLibraryFilesystem.h */,
			);
			name = Plugins;
			path = schoolClash/Plugins;
			sourceTree = SOURCE_ROOT;
		};
		EB87FDF11871DA420020F90C /* Staging */ = {
			isa = PBXGroup;
			children = (
				F840E1F0165FE0F500CFE078 /* config.xml */,
				301BF56E109A69640062928A /* www */,
			);
			name = Staging;
			sourceTree = "<group>";
		};
/* End PBXGroup section */

/* Begin PBXNativeTarget section */
		1D6058900D05DD3D006BFB54 /* schoolClash */ = {
			isa = PBXNativeTarget;
			buildConfigurationList = 1D6058960D05DD3E006BFB54 /* Build configuration list for PBXNativeTarget "schoolClash" */;
			buildPhases = (
				304B58A110DAC018002A0835 /* Copy www directory */,
				1D60588D0D05DD3D006BFB54 /* Resources */,
				1D60588E0D05DD3D006BFB54 /* Sources */,
				1D60588F0D05DD3D006BFB54 /* Frameworks */,
			);
			buildRules = (
			);
			dependencies = (
				301BF551109A68C00062928A /* PBXTargetDependency */,
			);
			name = schoolClash;
			productName = schoolClash;
			productReference = 1D6058910D05DD3D006BFB54 /* schoolClash.app */;
			productType = "com.apple.product-type.application";
		};
/* End PBXNativeTarget section */

/* Begin PBXProject section */
		29B97313FDCFA39411CA2CEA /* Project object */ = {
			isa = PBXProject;
			attributes = {
				LastUpgradeCheck = 510;
				TargetAttributes = {
					1D6058900D05DD3D006BFB54 = {
						DevelopmentTeam = 3KFE9BM6WA;
					};
				};
			};
			buildConfigurationList = C01FCF4E08A954540054247B /* Build configuration list for PBXProject "schoolClash" */;
			compatibilityVersion = "Xcode 3.2";
			developmentRegion = English;
			hasScannedForEncodings = 1;
			knownRegions = (
				en,
			);
			mainGroup = 29B97314FDCFA39411CA2CEA /* CustomTemplate */;
			projectDirPath = "";
			projectReferences = (
				{
					ProductGroup = 301BF52E109A57CC0062928A /* Products */;
					ProjectRef = 301BF52D109A57CC0062928A /* CordovaLib.xcodeproj */;
				},
			);
			projectRoot = "";
			targets = (
				1D6058900D05DD3D006BFB54 /* schoolClash */,
			);
		};
/* End PBXProject section */

/* Begin PBXReferenceProxy section */
		301BF535109A57CC0062928A /* libCordova.a */ = {
			isa = PBXReferenceProxy;
			fileType = archive.ar;
			path = libCordova.a;
			remoteRef = 301BF534109A57CC0062928A /* PBXContainerItemProxy */;
			sourceTree = BUILT_PRODUCTS_DIR;
		};
/* End PBXReferenceProxy section */

/* Begin PBXResourcesBuildPhase section */
		1D60588D0D05DD3D006BFB54 /* Resources */ = {
			isa = PBXResourcesBuildPhase;
			buildActionMask = 2147483647;
			files = (
				302D95F214D2391D003F00A1 /* MainViewController.xib in Resources */,
				0207DA581B56EA530066E2B4 /* Images.xcassets in Resources */,
				3F72088CABA041CDB897975A /* CDVNotification.bundle in Resources */,
				AF36C6B519144E47B3E65E2B /* CDVCapture.bundle in Resources */,
			);
			runOnlyForDeploymentPostprocessing = 0;
		};
/* End PBXResourcesBuildPhase section */

/* Begin PBXShellScriptBuildPhase section */
		304B58A110DAC018002A0835 /* Copy www directory */ = {
			isa = PBXShellScriptBuildPhase;
			buildActionMask = 2147483647;
			files = (
			);
			inputPaths = (
			);
			name = "Copy www directory";
			outputPaths = (
			);
			runOnlyForDeploymentPostprocessing = 0;
			shellPath = /bin/sh;
			shellScript = "NODEJS_PATH=/usr/local/bin; NVM_NODE_PATH=~/.nvm/versions/node/`nvm version 2>/dev/null`/bin; N_NODE_PATH=`find /usr/local/n/versions/node/* -maxdepth 0 -type d 2>/dev/null | tail -1`/bin; XCODE_NODE_PATH=`xcode-select --print-path`/usr/share/xcs/Node/bin; PATH=$NODEJS_PATH:$NVM_NODE_PATH:$N_NODE_PATH:$XCODE_NODE_PATH:$PATH && node cordova/lib/copy-www-build-step.js";
			showEnvVarsInLog = 0;
		};
/* End PBXShellScriptBuildPhase section */

/* Begin PBXSourcesBuildPhase section */
		1D60588E0D05DD3D006BFB54 /* Sources */ = {
			isa = PBXSourcesBuildPhase;
			buildActionMask = 2147483647;
			files = (
				1D60589B0D05DD56006BFB54 /* main.m in Sources */,
				1D3623260D0F684500981E51 /* AppDelegate.m in Sources */,
				302D95F114D2391D003F00A1 /* MainViewController.m in Sources */,
				659EEAF5DF5145BDBDF822E7 /* CDVBattery.m in Sources */,
				0CCCBAE10CA94B6D8F3369FC /* UIImage+CropScaleOrientation.m in Sources */,
				D603D11D0B4444C49E5B9713 /* CDVCamera.m in Sources */,
				84D340AC84374E4EB1D5768B /* CDVJpegHeaderWriter.m in Sources */,
				8095ECA1EF0C4D20A71BC244 /* CDVLogger.m in Sources */,
				B3EC5EE05F9E49939E8BBB87 /* CDVContacts.m in Sources */,
				E6919F09F67A44878AB2BC56 /* CDVContact.m in Sources */,
				9E088A96755241F38886BA27 /* CDVDevice.m in Sources */,
				92838937FA8D49E1932E43CA /* CDVAccelerometer.m in Sources */,
				1C11D8C80F4944CAAC1FAF66 /* CDVCompass.m in Sources */,
				BB5D1BAD2ECC4A51868E1F7C /* CDVNotification.m in Sources */,
				477E3C673D48409EB6591F23 /* CDVFileTransfer.m in Sources */,
				8439EE1DFBCE4BD98F6FB5C2 /* CDVLocation.m in Sources */,
				692AE29C4FA14E66BBF4239E /* CDVGlobalization.m in Sources */,
				590E87510E2749388350A502 /* CDVInAppBrowser.m in Sources */,
				F864E6A1B9624BB48D7F778C /* CDVSound.m in Sources */,
				ABA2C011BC074140B5C02FEB /* CDVCapture.m in Sources */,
				0962A2735F0F4E84A06C1F9C /* CDVConnection.m in Sources */,
				CE237C77799347F19835ABDE /* CDVReachability.m in Sources */,
				1E0F023F643445489DA4319F /* CDVSplashScreen.m in Sources */,
				FF4554DB53834ADDBB2B9CFF /* CDVViewController+SplashScreen.m in Sources */,
				D595541A8AF345D9B75D3716 /* CDVStatusBar.m in Sources */,
				BC767A84104246829BDE91C3 /* CDVVibration.m in Sources */,
				9E9E862929284EEF90D40960 /* CDVFile.m in Sources */,
				2D2B43C5716F44BE9DD7D7BA /* CDVLocalFilesystem.m in Sources */,
				4F40C92961DF4E819DA8A1B0 /* CDVAssetLibraryFilesystem.m in Sources */,
			);
			runOnlyForDeploymentPostprocessing = 0;
		};
/* End PBXSourcesBuildPhase section */

/* Begin PBXTargetDependency section */
		301BF551109A68C00062928A /* PBXTargetDependency */ = {
			isa = PBXTargetDependency;
			name = CordovaLib;
			targetProxy = 301BF550109A68C00062928A /* PBXContainerItemProxy */;
		};
/* End PBXTargetDependency section */

/* Begin XCBuildConfiguration section */
		1D6058940D05DD3E006BFB54 /* Debug */ = {
			isa = XCBuildConfiguration;
			baseConfigurationReference = 3047A50F1AB8059700498E2A /* build-debug.xcconfig */;
			buildSettings = {
				ALWAYS_SEARCH_USER_PATHS = NO;
				ASSETCATALOG_COMPILER_APPICON_NAME = AppIcon;
				ASSETCATALOG_COMPILER_LAUNCHIMAGE_NAME = LaunchImage;
				CLANG_ENABLE_MODULES = YES;
				CLANG_ENABLE_OBJC_ARC = YES;
				COPY_PHASE_STRIP = NO;
				DEVELOPMENT_TEAM = 3KFE9BM6WA;
				GCC_DYNAMIC_NO_PIC = NO;
				GCC_OPTIMIZATION_LEVEL = 0;
				GCC_PRECOMPILE_PREFIX_HEADER = YES;
				GCC_PREFIX_HEADER = "schoolClash/schoolClash-Prefix.pch";
				GCC_THUMB_SUPPORT = NO;
				GCC_VERSION = "";
				INFOPLIST_FILE = "schoolClash/schoolClash-Info.plist";
				LD_RUNPATH_SEARCH_PATHS = "@executable_path/Frameworks";
				PRODUCT_NAME = schoolClash;
			};
			name = Debug;
		};
		1D6058950D05DD3E006BFB54 /* Release */ = {
			isa = XCBuildConfiguration;
			baseConfigurationReference = 3047A5101AB8059700498E2A /* build-release.xcconfig */;
			buildSettings = {
				ALWAYS_SEARCH_USER_PATHS = NO;
				ASSETCATALOG_COMPILER_APPICON_NAME = AppIcon;
				ASSETCATALOG_COMPILER_LAUNCHIMAGE_NAME = LaunchImage;
				CLANG_ENABLE_MODULES = YES;
				CLANG_ENABLE_OBJC_ARC = YES;
				COPY_PHASE_STRIP = YES;
				DEVELOPMENT_TEAM = 3KFE9BM6WA;
				GCC_PRECOMPILE_PREFIX_HEADER = YES;
				GCC_PREFIX_HEADER = "schoolClash/schoolClash-Prefix.pch";
				GCC_THUMB_SUPPORT = NO;
				GCC_VERSION = "";
				INFOPLIST_FILE = "schoolClash/schoolClash-Info.plist";
				PRODUCT_NAME = schoolClash;
			};
			name = Release;
		};
		C01FCF4F08A954540054247B /* Debug */ = {
			isa = XCBuildConfiguration;
			baseConfigurationReference = 3047A5111AB8059700498E2A /* build.xcconfig */;
			buildSettings = {
				CLANG_ENABLE_MODULES = YES;
				CLANG_ENABLE_OBJC_ARC = YES;
				CLANG_WARN_BOOL_CONVERSION = YES;
				CLANG_WARN_CONSTANT_CONVERSION = YES;
				CLANG_WARN_EMPTY_BODY = YES;
				CLANG_WARN_ENUM_CONVERSION = YES;
				CLANG_WARN_INT_CONVERSION = YES;
				CLANG_WARN__DUPLICATE_METHOD_MATCH = YES;
				GCC_C_LANGUAGE_STANDARD = c99;
				GCC_THUMB_SUPPORT = NO;
				GCC_VERSION = "";
				GCC_WARN_ABOUT_RETURN_TYPE = YES;
				GCC_WARN_UNDECLARED_SELECTOR = YES;
				GCC_WARN_UNINITIALIZED_AUTOS = YES;
				GCC_WARN_UNUSED_FUNCTION = YES;
				GCC_WARN_UNUSED_VARIABLE = YES;
				ONLY_ACTIVE_ARCH = YES;
				SDKROOT = iphoneos;
				SKIP_INSTALL = NO;
			};
			name = Debug;
		};
		C01FCF5008A954540054247B /* Release */ = {
			isa = XCBuildConfiguration;
			baseConfigurationReference = 3047A5111AB8059700498E2A /* build.xcconfig */;
			buildSettings = {
				CLANG_ENABLE_MODULES = YES;
				CLANG_ENABLE_OBJC_ARC = YES;
				CLANG_WARN_BOOL_CONVERSION = YES;
				CLANG_WARN_CONSTANT_CONVERSION = YES;
				CLANG_WARN_EMPTY_BODY = YES;
				CLANG_WARN_ENUM_CONVERSION = YES;
				CLANG_WARN_INT_CONVERSION = YES;
				CLANG_WARN__DUPLICATE_METHOD_MATCH = YES;
				GCC_C_LANGUAGE_STANDARD = c99;
				GCC_THUMB_SUPPORT = NO;
				GCC_VERSION = "";
				GCC_WARN_ABOUT_RETURN_TYPE = YES;
				GCC_WARN_UNDECLARED_SELECTOR = YES;
				GCC_WARN_UNINITIALIZED_AUTOS = YES;
				GCC_WARN_UNUSED_FUNCTION = YES;
				GCC_WARN_UNUSED_VARIABLE = YES;
				SDKROOT = iphoneos;
				SKIP_INSTALL = NO;
			};
			name = Release;
		};
/* End XCBuildConfiguration section */

/* Begin XCConfigurationList section */
		1D6058960D05DD3E006BFB54 /* Build configuration list for PBXNativeTarget "schoolClash" */ = {
			isa = XCConfigurationList;
			buildConfigurations = (
				1D6058940D05DD3E006BFB54 /* Debug */,
				1D6058950D05DD3E006BFB54 /* Release */,
			);
			defaultConfigurationIsVisible = 0;
			defaultConfigurationName = Release;
		};
		C01FCF4E08A954540054247B /* Build configuration list for PBXProject "schoolClash" */ = {
			isa = XCConfigurationList;
			buildConfigurations = (
				C01FCF4F08A954540054247B /* Debug */,
				C01FCF5008A954540054247B /* Release */,
			);
			defaultConfigurationIsVisible = 0;
			defaultConfigurationName = Release;
		};
/* End XCConfigurationList section */
	};
	rootObject = 29B97313FDCFA39411CA2CEA /* Project object */;
}
